
Microsoft Visual Studio Solution File, Format Version 12.00
Project("{FAE04EC0-301F-11D3-BF4B-00C04F79EFBC}") = "SearchEngine", "SearchEngine\SearchEngine.csproj", "{41CD0BCC-CB48-45BF-8828-1446C377F6B4}"
EndProject
Project("{FAE04EC0-301F-11D3-BF4B-00C04F79EFBC}") = "SearchEngine.Test", "SearchEngine.Test\SearchEngine.Test.csproj", "{DB3E97BD-DCE4-4745-8B16-3F74D25B4F70}"
EndProject
Global
	GlobalSection(SolutionConfigurationPlatforms) = preSolution
		Debug|Any CPU = Debug|Any CPU
		Release|Any CPU = Release|Any CPU
	EndGlobalSection
	GlobalSection(ProjectConfigurationPlatforms) = postSolution
		{41CD0BCC-CB48-45BF-8828-1446C377F6B4}.Debug|Any CPU.ActiveCfg = Debug|Any CPU
		{41CD0BCC-CB48-45BF-8828-1446C377F6B4}.Debug|Any CPU.Build.0 = Debug|Any CPU
		{41CD0BCC-CB48-45BF-8828-1446C377F6B4}.Release|Any CPU.ActiveCfg = Release|Any CPU
		{41CD0BCC-CB48-45BF-8828-1446C377F6B4}.Release|Any CPU.Build.0 = Release|Any CPU
		{DB3E97BD-DCE4-4745-8B16-3F74D25B4F70}.Debug|Any CPU.ActiveCfg = Debug|Any CPU
		{DB3E97BD-DCE4-4745-8B16-3F74D25B4F70}.Debug|Any CPU.Build.0 = Debug|Any CPU
		{DB3E97BD-DCE4-4745-8B16-3F74D25B4F70}.Release|Any CPU.ActiveCfg = Release|Any CPU
		{DB3E97BD-DCE4-4745-8B16-3F74D25B4F70}.Release|Any CPU.Build.0 = Release|Any CPU
	EndGlobalSection
EndGlobal
